// !$*UTF8*$!
{
	archiveVersion = 1;
	classes = {
	};
	objectVersion = 46;
	objects = {

/* Begin PBXBuildFile section */
		350DA94D1A1D528800B33723 /* default.gpx in Resources */ = {isa = PBXBuildFile; fileRef = 350DA94C1A1D528800B33723 /* default.gpx */; };
		3530B6D51A2974E30063F256 /* recordObjectConstructor.m in Sources */ = {isa = PBXBuildFile; fileRef = 3530B6D41A2974E30063F256 /* recordObjectConstructor.m */; };
		3547C4CB1A1F88A30023232F /* SystemConfiguration.framework in Frameworks */ = {isa = PBXBuildFile; fileRef = 3547C4CA1A1F88A30023232F /* SystemConfiguration.framework */; };
		3547C4CE1A1F89660023232F /* Reachability.m in Sources */ = {isa = PBXBuildFile; fileRef = 3547C4CD1A1F89660023232F /* Reachability.m */; };
		3547C4D11A1F8F5C0023232F /* resultsDrawer.m in Sources */ = {isa = PBXBuildFile; fileRef = 3547C4D01A1F8F5C0023232F /* resultsDrawer.m */; };
		3595439E1A2BB5C10008828E /* home_icon.png in Resources */ = {isa = PBXBuildFile; fileRef = 3595439D1A2BB5C10008828E /* home_icon.png */; };
		359543A41A2BD8BF0008828E /* settingsViewController.m in Sources */ = {isa = PBXBuildFile; fileRef = 359543A31A2BD8BF0008828E /* settingsViewController.m */; };
		359543A61A2C08460008828E /* color ramp_white text.png in Resources */ = {isa = PBXBuildFile; fileRef = 359543A51A2C08460008828E /* color ramp_white text.png */; };
		359543A91A2C0AEA0008828E /* solValPopover.m in Sources */ = {isa = PBXBuildFile; fileRef = 359543A81A2C0AEA0008828E /* solValPopover.m */; };
		35A2544A1A1BEC9A00BFBCBC /* bluepushpin.png in Resources */ = {isa = PBXBuildFile; fileRef = 35A254491A1BEC9A00BFBCBC /* bluepushpin.png */; };
		35A2544D1A1BF4A200BFBCBC /* GCGeocodingService.m in Sources */ = {isa = PBXBuildFile; fileRef = 35A2544C1A1BF4A200BFBCBC /* GCGeocodingService.m */; };
		35A59BCE1A14194D008BEC96 /* zoomIn.png in Resources */ = {isa = PBXBuildFile; fileRef = 35A59BCC1A14194D008BEC96 /* zoomIn.png */; };
		35A59BCF1A14194D008BEC96 /* zoomOut.png in Resources */ = {isa = PBXBuildFile; fileRef = 35A59BCD1A14194D008BEC96 /* zoomOut.png */; };
		35C0E0EC1A0AF41100B32B68 /* ArcGIS.bundle in Resources */ = {isa = PBXBuildFile; fileRef = 35C0E0EB1A0AF41100B32B68 /* ArcGIS.bundle */; };
		35C6F2631A22E87E005265C2 /* DBManager.m in Sources */ = {isa = PBXBuildFile; fileRef = 35C6F2621A22E87E005265C2 /* DBManager.m */; };
		35C6F2681A22EB9B005265C2 /* FMDatabase.m in Sources */ = {isa = PBXBuildFile; fileRef = 35C6F2651A22EB9B005265C2 /* FMDatabase.m */; };
		35C6F2691A22EB9B005265C2 /* FMResultSet.m in Sources */ = {isa = PBXBuildFile; fileRef = 35C6F2671A22EB9B005265C2 /* FMResultSet.m */; };
		35C6F26B1A22EBF4005265C2 /* libsqlite3.dylib in Frameworks */ = {isa = PBXBuildFile; fileRef = 35C6F26A1A22EBF4005265C2 /* libsqlite3.dylib */; };
		CA1E55A51A22AFCC009C0D88 /* DismissSegue.m in Sources */ = {isa = PBXBuildFile; fileRef = CA1E55A41A22AFCC009C0D88 /* DismissSegue.m */; };
		CA45DF3E1A2142C2003A79E8 /* arrow_up_wht.png in Resources */ = {isa = PBXBuildFile; fileRef = CA45DF3D1A2142C2003A79E8 /* arrow_up_wht.png */; };
		CA47A8891A20FBB800ED8412 /* solar-app-transparent220x235.png in Resources */ = {isa = PBXBuildFile; fileRef = CA47A8881A20FBB800ED8412 /* solar-app-transparent220x235.png */; };
		CA4C605C1A2E6606003485A8 /* book92.png in Resources */ = {isa = PBXBuildFile; fileRef = CA4C605A1A2E6606003485A8 /* book92.png */; };
		CA4C605D1A2E6606003485A8 /* home152.png in Resources */ = {isa = PBXBuildFile; fileRef = CA4C605B1A2E6606003485A8 /* home152.png */; };
		CA4C605F1A2E66A3003485A8 /* bookmarks-outline-128.png in Resources */ = {isa = PBXBuildFile; fileRef = CA4C605E1A2E66A3003485A8 /* bookmarks-outline-128.png */; };
		CA4C60611A2E670D003485A8 /* home64.png in Resources */ = {isa = PBXBuildFile; fileRef = CA4C60601A2E670D003485A8 /* home64.png */; };
		CA4C60631A2E674E003485A8 /* home32.png in Resources */ = {isa = PBXBuildFile; fileRef = CA4C60621A2E674E003485A8 /* home32.png */; };
		CA5328D71A22FD25000188F2 /* mail_ios7_ios_7.png in Resources */ = {isa = PBXBuildFile; fileRef = CA5328D61A22FD25000188F2 /* mail_ios7_ios_7.png */; };
		CA5328D91A22FF8B000188F2 /* MessageUI.framework in Frameworks */ = {isa = PBXBuildFile; fileRef = CA5328D81A22FF8B000188F2 /* MessageUI.framework */; };
		CA5328DC1A22FFFC000188F2 /* ShareViewController.m in Sources */ = {isa = PBXBuildFile; fileRef = CA5328DB1A22FFFC000188F2 /* ShareViewController.m */; };
		CA6E55D51A0C865A00D60677 /* TakeActionViewController.m in Sources */ = {isa = PBXBuildFile; fileRef = CA6E55D41A0C865A00D60677 /* TakeActionViewController.m */; };
		CA8ED90D1A058978009728AE /* main.m in Sources */ = {isa = PBXBuildFile; fileRef = CA8ED90C1A058978009728AE /* main.m */; };
		CA8ED9101A058978009728AE /* AppDelegate.m in Sources */ = {isa = PBXBuildFile; fileRef = CA8ED90F1A058978009728AE /* AppDelegate.m */; };
		CA8ED9131A058978009728AE /* MapViewController.m in Sources */ = {isa = PBXBuildFile; fileRef = CA8ED9121A058978009728AE /* MapViewController.m */; };
		CA8ED9161A058978009728AE /* Main.storyboard in Resources */ = {isa = PBXBuildFile; fileRef = CA8ED9141A058978009728AE /* Main.storyboard */; };
		CA8ED9181A058978009728AE /* Images.xcassets in Resources */ = {isa = PBXBuildFile; fileRef = CA8ED9171A058978009728AE /* Images.xcassets */; };
		CA8ED91B1A058978009728AE /* LaunchScreen.xib in Resources */ = {isa = PBXBuildFile; fileRef = CA8ED9191A058978009728AE /* LaunchScreen.xib */; };
		CA8ED9271A058978009728AE /* MN_Solar_AppTests.m in Sources */ = {isa = PBXBuildFile; fileRef = CA8ED9261A058978009728AE /* MN_Solar_AppTests.m */; };
		CA8ED9511A068D43009728AE /* ReportViewController.m in Sources */ = {isa = PBXBuildFile; fileRef = CA8ED9501A068D43009728AE /* ReportViewController.m */; };
		CA8ED9551A069426009728AE /* WelcomeViewController.m in Sources */ = {isa = PBXBuildFile; fileRef = CA8ED9531A069426009728AE /* WelcomeViewController.m */; };
		CA8ED9561A069426009728AE /* WelcomeViewController.xib in Resources */ = {isa = PBXBuildFile; fileRef = CA8ED9541A069426009728AE /* WelcomeViewController.xib */; };
		CA8ED9591A069536009728AE /* CameraViewController.m in Sources */ = {isa = PBXBuildFile; fileRef = CA8ED9581A069536009728AE /* CameraViewController.m */; };
		CA8ED95F1A06A514009728AE /* MenuTableViewController.m in Sources */ = {isa = PBXBuildFile; fileRef = CA8ED95E1A06A514009728AE /* MenuTableViewController.m */; };
		CA8ED96F1A06DCFC009728AE /* BookmarksTableViewController.m in Sources */ = {isa = PBXBuildFile; fileRef = CA8ED96E1A06DCFC009728AE /* BookmarksTableViewController.m */; };
		CA8ED9721A0729BB009728AE /* ReportSaveFormViewController.m in Sources */ = {isa = PBXBuildFile; fileRef = CA8ED9711A0729BB009728AE /* ReportSaveFormViewController.m */; };
		CA8ED9751A073141009728AE /* ReportCustomizedViewController.m in Sources */ = {isa = PBXBuildFile; fileRef = CA8ED9741A073141009728AE /* ReportCustomizedViewController.m */; };
		CADC41E81A23A6EE0075F750 /* Under_construction.png in Resources */ = {isa = PBXBuildFile; fileRef = CADC41E71A23A6EE0075F750 /* Under_construction.png */; };
		CAEC98581A0D600200E271F4 /* LocationArrowWht-22.png in Resources */ = {isa = PBXBuildFile; fileRef = CAEC98541A0D600200E271F4 /* LocationArrowWht-22.png */; };
		CAEC98591A0D600200E271F4 /* LocationArrowWht-44.png in Resources */ = {isa = PBXBuildFile; fileRef = CAEC98551A0D600200E271F4 /* LocationArrowWht-44.png */; };
		CAEC985A1A0D600200E271F4 /* menu-22.png in Resources */ = {isa = PBXBuildFile; fileRef = CAEC98561A0D600200E271F4 /* menu-22.png */; };
		CAEC985B1A0D600200E271F4 /* solar-app-loading-768x1024.png in Resources */ = {isa = PBXBuildFile; fileRef = CAEC98571A0D600200E271F4 /* solar-app-loading-768x1024.png */; };
		CAEC985D1A0D798800E271F4 /* LoadingView.xib in Resources */ = {isa = PBXBuildFile; fileRef = CAEC985C1A0D798800E271F4 /* LoadingView.xib */; };
/* End PBXBuildFile section */

/* Begin PBXContainerItemProxy section */
		CA8ED9211A058978009728AE /* PBXContainerItemProxy */ = {
			isa = PBXContainerItemProxy;
			containerPortal = CA8ED8FF1A058978009728AE /* Project object */;
			proxyType = 1;
			remoteGlobalIDString = CA8ED9061A058978009728AE;
			remoteInfo = "MN Solar App";
		};
/* End PBXContainerItemProxy section */

/* Begin PBXFileReference section */
		350DA94C1A1D528800B33723 /* default.gpx */ = {isa = PBXFileReference; fileEncoding = 4; lastKnownFileType = text.xml; path = default.gpx; sourceTree = "<group>"; };
		3530B6D31A2974E30063F256 /* recordObjectConstructor.h */ = {isa = PBXFileReference; fileEncoding = 4; lastKnownFileType = sourcecode.c.h; name = recordObjectConstructor.h; path = "MN Solar App/recordObjectConstructor.h"; sourceTree = "<group>"; };
		3530B6D41A2974E30063F256 /* recordObjectConstructor.m */ = {isa = PBXFileReference; fileEncoding = 4; lastKnownFileType = sourcecode.c.objc; name = recordObjectConstructor.m; path = "MN Solar App/recordObjectConstructor.m"; sourceTree = "<group>"; };
		3547C4CA1A1F88A30023232F /* SystemConfiguration.framework */ = {isa = PBXFileReference; lastKnownFileType = wrapper.framework; name = SystemConfiguration.framework; path = System/Library/Frameworks/SystemConfiguration.framework; sourceTree = SDKROOT; };
		3547C4CC1A1F89660023232F /* Reachability.h */ = {isa = PBXFileReference; fileEncoding = 4; lastKnownFileType = sourcecode.c.h; path = Reachability.h; sourceTree = "<group>"; };
		3547C4CD1A1F89660023232F /* Reachability.m */ = {isa = PBXFileReference; fileEncoding = 4; lastKnownFileType = sourcecode.c.objc; path = Reachability.m; sourceTree = "<group>"; };
		3547C4CF1A1F8F5C0023232F /* resultsDrawer.h */ = {isa = PBXFileReference; fileEncoding = 4; lastKnownFileType = sourcecode.c.h; path = resultsDrawer.h; sourceTree = "<group>"; };
		3547C4D01A1F8F5C0023232F /* resultsDrawer.m */ = {isa = PBXFileReference; fileEncoding = 4; lastKnownFileType = sourcecode.c.objc; path = resultsDrawer.m; sourceTree = "<group>"; };
		3595439D1A2BB5C10008828E /* home_icon.png */ = {isa = PBXFileReference; lastKnownFileType = image.png; path = home_icon.png; sourceTree = "<group>"; };
		359543A21A2BD8BF0008828E /* settingsViewController.h */ = {isa = PBXFileReference; fileEncoding = 4; lastKnownFileType = sourcecode.c.h; path = settingsViewController.h; sourceTree = "<group>"; };
		359543A31A2BD8BF0008828E /* settingsViewController.m */ = {isa = PBXFileReference; fileEncoding = 4; lastKnownFileType = sourcecode.c.objc; path = settingsViewController.m; sourceTree = "<group>"; };
		359543A51A2C08460008828E /* color ramp_white text.png */ = {isa = PBXFileReference; lastKnownFileType = image.png; path = "color ramp_white text.png"; sourceTree = "<group>"; };
		359543A71A2C0AEA0008828E /* solValPopover.h */ = {isa = PBXFileReference; fileEncoding = 4; lastKnownFileType = sourcecode.c.h; path = solValPopover.h; sourceTree = "<group>"; };
		359543A81A2C0AEA0008828E /* solValPopover.m */ = {isa = PBXFileReference; fileEncoding = 4; lastKnownFileType = sourcecode.c.objc; path = solValPopover.m; sourceTree = "<group>"; };
		35A254491A1BEC9A00BFBCBC /* bluepushpin.png */ = {isa = PBXFileReference; lastKnownFileType = image.png; path = bluepushpin.png; sourceTree = "<group>"; };
		35A2544B1A1BF4A200BFBCBC /* GCGeocodingService.h */ = {isa = PBXFileReference; fileEncoding = 4; lastKnownFileType = sourcecode.c.h; path = GCGeocodingService.h; sourceTree = "<group>"; };
		35A2544C1A1BF4A200BFBCBC /* GCGeocodingService.m */ = {isa = PBXFileReference; fileEncoding = 4; lastKnownFileType = sourcecode.c.objc; path = GCGeocodingService.m; sourceTree = "<group>"; };
		35A59BCC1A14194D008BEC96 /* zoomIn.png */ = {isa = PBXFileReference; lastKnownFileType = image.png; path = zoomIn.png; sourceTree = "<group>"; };
		35A59BCD1A14194D008BEC96 /* zoomOut.png */ = {isa = PBXFileReference; lastKnownFileType = image.png; path = zoomOut.png; sourceTree = "<group>"; };
		35C0E0EB1A0AF41100B32B68 /* ArcGIS.bundle */ = {isa = PBXFileReference; lastKnownFileType = "wrapper.plug-in"; path = ArcGIS.bundle; sourceTree = "<group>"; };
		35C6F2611A22E87E005265C2 /* DBManager.h */ = {isa = PBXFileReference; fileEncoding = 4; lastKnownFileType = sourcecode.c.h; path = DBManager.h; sourceTree = "<group>"; };
		35C6F2621A22E87E005265C2 /* DBManager.m */ = {isa = PBXFileReference; fileEncoding = 4; lastKnownFileType = sourcecode.c.objc; path = DBManager.m; sourceTree = "<group>"; };
		35C6F2641A22EB9B005265C2 /* FMDatabase.h */ = {isa = PBXFileReference; fileEncoding = 4; lastKnownFileType = sourcecode.c.h; path = FMDatabase.h; sourceTree = "<group>"; };
		35C6F2651A22EB9B005265C2 /* FMDatabase.m */ = {isa = PBXFileReference; fileEncoding = 4; lastKnownFileType = sourcecode.c.objc; path = FMDatabase.m; sourceTree = "<group>"; };
		35C6F2661A22EB9B005265C2 /* FMResultSet.h */ = {isa = PBXFileReference; fileEncoding = 4; lastKnownFileType = sourcecode.c.h; path = FMResultSet.h; sourceTree = "<group>"; };
		35C6F2671A22EB9B005265C2 /* FMResultSet.m */ = {isa = PBXFileReference; fileEncoding = 4; lastKnownFileType = sourcecode.c.objc; path = FMResultSet.m; sourceTree = "<group>"; };
		35C6F26A1A22EBF4005265C2 /* libsqlite3.dylib */ = {isa = PBXFileReference; lastKnownFileType = "compiled.mach-o.dylib"; name = libsqlite3.dylib; path = usr/lib/libsqlite3.dylib; sourceTree = SDKROOT; };
		CA1E55A31A22AFCC009C0D88 /* DismissSegue.h */ = {isa = PBXFileReference; fileEncoding = 4; lastKnownFileType = sourcecode.c.h; path = DismissSegue.h; sourceTree = "<group>"; };
		CA1E55A41A22AFCC009C0D88 /* DismissSegue.m */ = {isa = PBXFileReference; fileEncoding = 4; lastKnownFileType = sourcecode.c.objc; path = DismissSegue.m; sourceTree = "<group>"; };
		CA45DF3D1A2142C2003A79E8 /* arrow_up_wht.png */ = {isa = PBXFileReference; lastKnownFileType = image.png; path = arrow_up_wht.png; sourceTree = "<group>"; };
		CA47A8881A20FBB800ED8412 /* solar-app-transparent220x235.png */ = {isa = PBXFileReference; lastKnownFileType = image.png; path = "solar-app-transparent220x235.png"; sourceTree = "<group>"; };
		CA4C605A1A2E6606003485A8 /* book92.png */ = {isa = PBXFileReference; lastKnownFileType = image.png; path = book92.png; sourceTree = "<group>"; };
		CA4C605B1A2E6606003485A8 /* home152.png */ = {isa = PBXFileReference; lastKnownFileType = image.png; path = home152.png; sourceTree = "<group>"; };
		CA4C605E1A2E66A3003485A8 /* bookmarks-outline-128.png */ = {isa = PBXFileReference; lastKnownFileType = image.png; path = "bookmarks-outline-128.png"; sourceTree = "<group>"; };
		CA4C60601A2E670D003485A8 /* home64.png */ = {isa = PBXFileReference; lastKnownFileType = image.png; path = home64.png; sourceTree = "<group>"; };
		CA4C60621A2E674E003485A8 /* home32.png */ = {isa = PBXFileReference; lastKnownFileType = image.png; path = home32.png; sourceTree = "<group>"; };
		CA5328D61A22FD25000188F2 /* mail_ios7_ios_7.png */ = {isa = PBXFileReference; lastKnownFileType = image.png; path = mail_ios7_ios_7.png; sourceTree = "<group>"; };
		CA5328D81A22FF8B000188F2 /* MessageUI.framework */ = {isa = PBXFileReference; lastKnownFileType = wrapper.framework; name = MessageUI.framework; path = System/Library/Frameworks/MessageUI.framework; sourceTree = SDKROOT; };
		CA5328DA1A22FFFC000188F2 /* ShareViewController.h */ = {isa = PBXFileReference; fileEncoding = 4; lastKnownFileType = sourcecode.c.h; path = ShareViewController.h; sourceTree = "<group>"; };
		CA5328DB1A22FFFC000188F2 /* ShareViewController.m */ = {isa = PBXFileReference; fileEncoding = 4; lastKnownFileType = sourcecode.c.objc; path = ShareViewController.m; sourceTree = "<group>"; };
		CA6E55D31A0C865A00D60677 /* TakeActionViewController.h */ = {isa = PBXFileReference; fileEncoding = 4; lastKnownFileType = sourcecode.c.h; path = TakeActionViewController.h; sourceTree = "<group>"; };
		CA6E55D41A0C865A00D60677 /* TakeActionViewController.m */ = {isa = PBXFileReference; fileEncoding = 4; lastKnownFileType = sourcecode.c.objc; path = TakeActionViewController.m; sourceTree = "<group>"; };
		CA8ED90B1A058978009728AE /* Info.plist */ = {isa = PBXFileReference; lastKnownFileType = text.plist.xml; path = Info.plist; sourceTree = "<group>"; };
		CA8ED90C1A058978009728AE /* main.m */ = {isa = PBXFileReference; lastKnownFileType = sourcecode.c.objc; path = main.m; sourceTree = "<group>"; };
		CA8ED90E1A058978009728AE /* AppDelegate.h */ = {isa = PBXFileReference; lastKnownFileType = sourcecode.c.h; path = AppDelegate.h; sourceTree = "<group>"; };
		CA8ED90F1A058978009728AE /* AppDelegate.m */ = {isa = PBXFileReference; lastKnownFileType = sourcecode.c.objc; path = AppDelegate.m; sourceTree = "<group>"; };
		CA8ED9111A058978009728AE /* MapViewController.h */ = {isa = PBXFileReference; lastKnownFileType = sourcecode.c.h; path = MapViewController.h; sourceTree = "<group>"; };
		CA8ED9121A058978009728AE /* MapViewController.m */ = {isa = PBXFileReference; lastKnownFileType = sourcecode.c.objc; path = MapViewController.m; sourceTree = "<group>"; };
		CA8ED9151A058978009728AE /* Base */ = {isa = PBXFileReference; lastKnownFileType = file.storyboard; name = Base; path = Base.lproj/Main.storyboard; sourceTree = "<group>"; };
		CA8ED9171A058978009728AE /* Images.xcassets */ = {isa = PBXFileReference; lastKnownFileType = folder.assetcatalog; path = Images.xcassets; sourceTree = "<group>"; };
		CA8ED91A1A058978009728AE /* Base */ = {isa = PBXFileReference; lastKnownFileType = file.xib; name = Base; path = Base.lproj/LaunchScreen.xib; sourceTree = "<group>"; };
		CA8ED9201A058978009728AE /* MN Solar AppTests.xctest */ = {isa = PBXFileReference; explicitFileType = wrapper.cfbundle; includeInIndex = 0; path = "MN Solar AppTests.xctest"; sourceTree = BUILT_PRODUCTS_DIR; };
		CA8ED9251A058978009728AE /* Info.plist */ = {isa = PBXFileReference; lastKnownFileType = text.plist.xml; path = Info.plist; sourceTree = "<group>"; };
		CA8ED9261A058978009728AE /* MN_Solar_AppTests.m */ = {isa = PBXFileReference; lastKnownFileType = sourcecode.c.objc; path = MN_Solar_AppTests.m; sourceTree = "<group>"; };
		CA8ED94F1A068D43009728AE /* ReportViewController.h */ = {isa = PBXFileReference; fileEncoding = 4; lastKnownFileType = sourcecode.c.h; path = ReportViewController.h; sourceTree = "<group>"; };
		CA8ED9501A068D43009728AE /* ReportViewController.m */ = {isa = PBXFileReference; fileEncoding = 4; lastKnownFileType = sourcecode.c.objc; path = ReportViewController.m; sourceTree = "<group>"; };
		CA8ED9521A069426009728AE /* WelcomeViewController.h */ = {isa = PBXFileReference; fileEncoding = 4; lastKnownFileType = sourcecode.c.h; path = WelcomeViewController.h; sourceTree = "<group>"; };
		CA8ED9531A069426009728AE /* WelcomeViewController.m */ = {isa = PBXFileReference; fileEncoding = 4; lastKnownFileType = sourcecode.c.objc; path = WelcomeViewController.m; sourceTree = "<group>"; };
		CA8ED9541A069426009728AE /* WelcomeViewController.xib */ = {isa = PBXFileReference; fileEncoding = 4; lastKnownFileType = file.xib; path = WelcomeViewController.xib; sourceTree = "<group>"; };
		CA8ED9571A069536009728AE /* CameraViewController.h */ = {isa = PBXFileReference; fileEncoding = 4; lastKnownFileType = sourcecode.c.h; path = CameraViewController.h; sourceTree = "<group>"; };
		CA8ED9581A069536009728AE /* CameraViewController.m */ = {isa = PBXFileReference; fileEncoding = 4; lastKnownFileType = sourcecode.c.objc; path = CameraViewController.m; sourceTree = "<group>"; };
		CA8ED95D1A06A514009728AE /* MenuTableViewController.h */ = {isa = PBXFileReference; fileEncoding = 4; lastKnownFileType = sourcecode.c.h; path = MenuTableViewController.h; sourceTree = "<group>"; };
		CA8ED95E1A06A514009728AE /* MenuTableViewController.m */ = {isa = PBXFileReference; fileEncoding = 4; lastKnownFileType = sourcecode.c.objc; path = MenuTableViewController.m; sourceTree = "<group>"; };
		CA8ED96D1A06DCFC009728AE /* BookmarksTableViewController.h */ = {isa = PBXFileReference; fileEncoding = 4; lastKnownFileType = sourcecode.c.h; path = BookmarksTableViewController.h; sourceTree = "<group>"; };
		CA8ED96E1A06DCFC009728AE /* BookmarksTableViewController.m */ = {isa = PBXFileReference; fileEncoding = 4; lastKnownFileType = sourcecode.c.objc; path = BookmarksTableViewController.m; sourceTree = "<group>"; };
		CA8ED9701A0729BB009728AE /* ReportSaveFormViewController.h */ = {isa = PBXFileReference; fileEncoding = 4; lastKnownFileType = sourcecode.c.h; path = ReportSaveFormViewController.h; sourceTree = "<group>"; };
		CA8ED9711A0729BB009728AE /* ReportSaveFormViewController.m */ = {isa = PBXFileReference; fileEncoding = 4; lastKnownFileType = sourcecode.c.objc; path = ReportSaveFormViewController.m; sourceTree = "<group>"; };
		CA8ED9731A073141009728AE /* ReportCustomizedViewController.h */ = {isa = PBXFileReference; fileEncoding = 4; lastKnownFileType = sourcecode.c.h; path = ReportCustomizedViewController.h; sourceTree = "<group>"; };
		CA8ED9741A073141009728AE /* ReportCustomizedViewController.m */ = {isa = PBXFileReference; fileEncoding = 4; lastKnownFileType = sourcecode.c.objc; path = ReportCustomizedViewController.m; sourceTree = "<group>"; };
		CADC41E71A23A6EE0075F750 /* Under_construction.png */ = {isa = PBXFileReference; lastKnownFileType = image.png; path = Under_construction.png; sourceTree = "<group>"; };
		CAEC98541A0D600200E271F4 /* LocationArrowWht-22.png */ = {isa = PBXFileReference; lastKnownFileType = image.png; name = "LocationArrowWht-22.png"; path = "Assets/LocationArrowWht-22.png"; sourceTree = "<group>"; };
		CAEC98551A0D600200E271F4 /* LocationArrowWht-44.png */ = {isa = PBXFileReference; lastKnownFileType = image.png; name = "LocationArrowWht-44.png"; path = "Assets/LocationArrowWht-44.png"; sourceTree = "<group>"; };
		CAEC98561A0D600200E271F4 /* menu-22.png */ = {isa = PBXFileReference; lastKnownFileType = image.png; name = "menu-22.png"; path = "Assets/menu-22.png"; sourceTree = "<group>"; };
		CAEC98571A0D600200E271F4 /* solar-app-loading-768x1024.png */ = {isa = PBXFileReference; lastKnownFileType = image.png; name = "solar-app-loading-768x1024.png"; path = "Assets/solar-app-loading-768x1024.png"; sourceTree = "<group>"; };
		CAEC985C1A0D798800E271F4 /* LoadingView.xib */ = {isa = PBXFileReference; fileEncoding = 4; lastKnownFileType = file.xib; path = LoadingView.xib; sourceTree = "<group>"; };
/* End PBXFileReference section */

/* Begin PBXFrameworksBuildPhase section */
		CA8ED9041A058978009728AE /* Frameworks */ = {
			isa = PBXFrameworksBuildPhase;
			buildActionMask = 2147483647;
			files = (
				35C6F26B1A22EBF4005265C2 /* libsqlite3.dylib in Frameworks */,
				CA5328D91A22FF8B000188F2 /* MessageUI.framework in Frameworks */,
				3547C4CB1A1F88A30023232F /* SystemConfiguration.framework in Frameworks */,
			);
			runOnlyForDeploymentPostprocessing = 0;
		};
		CA8ED91D1A058978009728AE /* Frameworks */ = {
			isa = PBXFrameworksBuildPhase;
			buildActionMask = 2147483647;
			files = (
			);
			runOnlyForDeploymentPostprocessing = 0;
		};
/* End PBXFrameworksBuildPhase section */

/* Begin PBXGroup section */
		CA8ED8FE1A058978009728AE = {
			isa = PBXGroup;
			children = (
				3530B6D31A2974E30063F256 /* recordObjectConstructor.h */,
				3530B6D41A2974E30063F256 /* recordObjectConstructor.m */,
				35C6F26A1A22EBF4005265C2 /* libsqlite3.dylib */,
				CA5328D81A22FF8B000188F2 /* MessageUI.framework */,
				3547C4CA1A1F88A30023232F /* SystemConfiguration.framework */,
				CAEC984B1A0D5EB400E271F4 /* Assets */,
				35C0E0EB1A0AF41100B32B68 /* ArcGIS.bundle */,
				CA8ED9321A058A9B009728AE /* Resources */,
				CA8ED9091A058978009728AE /* MN Solar App */,
				CA8ED9231A058978009728AE /* MN Solar AppTests */,
				CA8ED9081A058978009728AE /* Products */,
			);
			sourceTree = "<group>";
		};
		CA8ED9081A058978009728AE /* Products */ = {
			isa = PBXGroup;
			children = (
				CA8ED9201A058978009728AE /* MN Solar AppTests.xctest */,
			);
			name = Products;
			sourceTree = "<group>";
		};
		CA8ED9091A058978009728AE /* MN Solar App */ = {
			isa = PBXGroup;
			children = (
				CA8ED90E1A058978009728AE /* AppDelegate.h */,
				CA8ED90F1A058978009728AE /* AppDelegate.m */,
				CA8ED96D1A06DCFC009728AE /* BookmarksTableViewController.h */,
				CA8ED96E1A06DCFC009728AE /* BookmarksTableViewController.m */,
				CA8ED9571A069536009728AE /* CameraViewController.h */,
				CA8ED9581A069536009728AE /* CameraViewController.m */,
				35C6F2611A22E87E005265C2 /* DBManager.h */,
				35C6F2621A22E87E005265C2 /* DBManager.m */,
				CA1E55A31A22AFCC009C0D88 /* DismissSegue.h */,
				CA1E55A41A22AFCC009C0D88 /* DismissSegue.m */,
				35C6F2641A22EB9B005265C2 /* FMDatabase.h */,
				35C6F2651A22EB9B005265C2 /* FMDatabase.m */,
				35C6F2661A22EB9B005265C2 /* FMResultSet.h */,
				35C6F2671A22EB9B005265C2 /* FMResultSet.m */,
				35A2544B1A1BF4A200BFBCBC /* GCGeocodingService.h */,
				35A2544C1A1BF4A200BFBCBC /* GCGeocodingService.m */,
				CA8ED9171A058978009728AE /* Images.xcassets */,
				CA8ED9191A058978009728AE /* LaunchScreen.xib */,
				CAEC985C1A0D798800E271F4 /* LoadingView.xib */,
				CA8ED9141A058978009728AE /* Main.storyboard */,
				CA8ED9111A058978009728AE /* MapViewController.h */,
				CA8ED9121A058978009728AE /* MapViewController.m */,
				CA8ED95D1A06A514009728AE /* MenuTableViewController.h */,
				CA8ED95E1A06A514009728AE /* MenuTableViewController.m */,
				3547C4CC1A1F89660023232F /* Reachability.h */,
				3547C4CD1A1F89660023232F /* Reachability.m */,
				CA8ED9731A073141009728AE /* ReportCustomizedViewController.h */,
				CA8ED9741A073141009728AE /* ReportCustomizedViewController.m */,
				CA8ED9701A0729BB009728AE /* ReportSaveFormViewController.h */,
				CA8ED9711A0729BB009728AE /* ReportSaveFormViewController.m */,
				CA8ED94F1A068D43009728AE /* ReportViewController.h */,
				CA8ED9501A068D43009728AE /* ReportViewController.m */,
				3547C4CF1A1F8F5C0023232F /* resultsDrawer.h */,
				3547C4D01A1F8F5C0023232F /* resultsDrawer.m */,
				359543A21A2BD8BF0008828E /* settingsViewController.h */,
				359543A31A2BD8BF0008828E /* settingsViewController.m */,
				CA5328DA1A22FFFC000188F2 /* ShareViewController.h */,
				CA5328DB1A22FFFC000188F2 /* ShareViewController.m */,
				359543A71A2C0AEA0008828E /* solValPopover.h */,
				359543A81A2C0AEA0008828E /* solValPopover.m */,
				CA8ED90A1A058978009728AE /* Supporting Files */,
				CA6E55D31A0C865A00D60677 /* TakeActionViewController.h */,
				CA6E55D41A0C865A00D60677 /* TakeActionViewController.m */,
				CA8ED9521A069426009728AE /* WelcomeViewController.h */,
				CA8ED9531A069426009728AE /* WelcomeViewController.m */,
				CA8ED9541A069426009728AE /* WelcomeViewController.xib */,
			);
			path = "MN Solar App";
			sourceTree = "<group>";
		};
		CA8ED90A1A058978009728AE /* Supporting Files */ = {
			isa = PBXGroup;
			children = (
				CA8ED90B1A058978009728AE /* Info.plist */,
				CA8ED90C1A058978009728AE /* main.m */,
			);
			name = "Supporting Files";
			sourceTree = "<group>";
		};
		CA8ED9231A058978009728AE /* MN Solar AppTests */ = {
			isa = PBXGroup;
			children = (
				CA8ED9261A058978009728AE /* MN_Solar_AppTests.m */,
				CA8ED9241A058978009728AE /* Supporting Files */,
			);
			path = "MN Solar AppTests";
			sourceTree = "<group>";
		};
		CA8ED9241A058978009728AE /* Supporting Files */ = {
			isa = PBXGroup;
			children = (
				CA8ED9251A058978009728AE /* Info.plist */,
			);
			name = "Supporting Files";
			sourceTree = "<group>";
		};
		CA8ED9321A058A9B009728AE /* Resources */ = {
			isa = PBXGroup;
			children = (
				CA8ED9351A058A9B009728AE /* Symbols */,
			);
			name = Resources;
			path = ../../../Library/SDKs/ArcGIS/iOS/ArcGIS.framework/Versions/Current/Resources;
			sourceTree = "<group>";
		};
		CA8ED9351A058A9B009728AE /* Symbols */ = {
			isa = PBXGroup;
			children = (
				CA8ED9361A058A9B009728AE /* app6b */,
				CA8ED93C1A058A9B009728AE /* mil2525c */,
			);
			path = Symbols;
			sourceTree = "<group>";
		};
		CA8ED9361A058A9B009728AE /* app6b */ = {
			isa = PBXGroup;
			children = (
				CA8ED9381A058A9B009728AE /* messagetypes */,
			);
			path = app6b;
			sourceTree = "<group>";
		};
		CA8ED9381A058A9B009728AE /* messagetypes */ = {
			isa = PBXGroup;
			children = (
			);
			path = messagetypes;
			sourceTree = "<group>";
		};
		CA8ED93C1A058A9B009728AE /* mil2525c */ = {
			isa = PBXGroup;
			children = (
				CA8ED93D1A058A9B009728AE /* messagetypes */,
			);
			path = mil2525c;
			sourceTree = "<group>";
		};
		CA8ED93D1A058A9B009728AE /* messagetypes */ = {
			isa = PBXGroup;
			children = (
			);
			path = messagetypes;
			sourceTree = "<group>";
		};
		CAEC984B1A0D5EB400E271F4 /* Assets */ = {
			isa = PBXGroup;
			children = (
				CA4C60621A2E674E003485A8 /* home32.png */,
				CA4C60601A2E670D003485A8 /* home64.png */,
				CA4C605E1A2E66A3003485A8 /* bookmarks-outline-128.png */,
				CA4C605A1A2E6606003485A8 /* book92.png */,
				CA4C605B1A2E6606003485A8 /* home152.png */,
				359543A51A2C08460008828E /* color ramp_white text.png */,
				3595439D1A2BB5C10008828E /* home_icon.png */,
				CA5328D61A22FD25000188F2 /* mail_ios7_ios_7.png */,
				CADC41E71A23A6EE0075F750 /* Under_construction.png */,
				CA45DF3D1A2142C2003A79E8 /* arrow_up_wht.png */,
				CA47A8881A20FBB800ED8412 /* solar-app-transparent220x235.png */,
				350DA94C1A1D528800B33723 /* default.gpx */,
				35A254491A1BEC9A00BFBCBC /* bluepushpin.png */,
				35A59BCC1A14194D008BEC96 /* zoomIn.png */,
				35A59BCD1A14194D008BEC96 /* zoomOut.png */,
				CAEC98541A0D600200E271F4 /* LocationArrowWht-22.png */,
				CAEC98551A0D600200E271F4 /* LocationArrowWht-44.png */,
				CAEC98561A0D600200E271F4 /* menu-22.png */,
				CAEC98571A0D600200E271F4 /* solar-app-loading-768x1024.png */,
			);
			name = Assets;
			sourceTree = "<group>";
		};
/* End PBXGroup section */

/* Begin PBXNativeTarget section */
		CA8ED9061A058978009728AE /* MN Solar App */ = {
			isa = PBXNativeTarget;
			buildConfigurationList = CA8ED92A1A058978009728AE /* Build configuration list for PBXNativeTarget "MN Solar App" */;
			buildPhases = (
				CA8ED9031A058978009728AE /* Sources */,
				CA8ED9041A058978009728AE /* Frameworks */,
				CA8ED9051A058978009728AE /* Resources */,
			);
			buildRules = (
			);
			dependencies = (
			);
			name = "MN Solar App";
			productName = "MN Solar App";
			productType = "com.apple.product-type.application";
		};
		CA8ED91F1A058978009728AE /* MN Solar AppTests */ = {
			isa = PBXNativeTarget;
			buildConfigurationList = CA8ED92D1A058978009728AE /* Build configuration list for PBXNativeTarget "MN Solar AppTests" */;
			buildPhases = (
				CA8ED91C1A058978009728AE /* Sources */,
				CA8ED91D1A058978009728AE /* Frameworks */,
				CA8ED91E1A058978009728AE /* Resources */,
			);
			buildRules = (
			);
			dependencies = (
				CA8ED9221A058978009728AE /* PBXTargetDependency */,
			);
			name = "MN Solar AppTests";
			productName = "MN Solar AppTests";
			productReference = CA8ED9201A058978009728AE /* MN Solar AppTests.xctest */;
			productType = "com.apple.product-type.bundle.unit-test";
		};
/* End PBXNativeTarget section */

/* Begin PBXProject section */
		CA8ED8FF1A058978009728AE /* Project object */ = {
			isa = PBXProject;
			attributes = {
				LastUpgradeCheck = 0600;
				ORGANIZATIONNAME = "MN Solar Suitability Team";
				TargetAttributes = {
					CA8ED9061A058978009728AE = {
						CreatedOnToolsVersion = 6.0.1;
						DevelopmentTeam = EQ2YD8D3UN;
					};
					CA8ED91F1A058978009728AE = {
						CreatedOnToolsVersion = 6.0.1;
						TestTargetID = CA8ED9061A058978009728AE;
					};
				};
			};
			buildConfigurationList = CA8ED9021A058978009728AE /* Build configuration list for PBXProject "MN Solar App" */;
			compatibilityVersion = "Xcode 3.2";
			developmentRegion = English;
			hasScannedForEncodings = 0;
			knownRegions = (
				en,
				Base,
			);
			mainGroup = CA8ED8FE1A058978009728AE;
			productRefGroup = CA8ED9081A058978009728AE /* Products */;
			projectDirPath = "";
			projectRoot = "";
			targets = (
				CA8ED9061A058978009728AE /* MN Solar App */,
				CA8ED91F1A058978009728AE /* MN Solar AppTests */,
			);
		};
/* End PBXProject section */

/* Begin PBXResourcesBuildPhase section */
		CA8ED9051A058978009728AE /* Resources */ = {
			isa = PBXResourcesBuildPhase;
			buildActionMask = 2147483647;
			files = (
				CA4C60611A2E670D003485A8 /* home64.png in Resources */,
				35A2544A1A1BEC9A00BFBCBC /* bluepushpin.png in Resources */,
				CAEC98581A0D600200E271F4 /* LocationArrowWht-22.png in Resources */,
				CAEC98591A0D600200E271F4 /* LocationArrowWht-44.png in Resources */,
				CA47A8891A20FBB800ED8412 /* solar-app-transparent220x235.png in Resources */,
				359543A61A2C08460008828E /* color ramp_white text.png in Resources */,
				CA45DF3E1A2142C2003A79E8 /* arrow_up_wht.png in Resources */,
				CA8ED9161A058978009728AE /* Main.storyboard in Resources */,
				CA8ED9561A069426009728AE /* WelcomeViewController.xib in Resources */,
				CADC41E81A23A6EE0075F750 /* Under_construction.png in Resources */,
				CAEC985B1A0D600200E271F4 /* solar-app-loading-768x1024.png in Resources */,
				CAEC985A1A0D600200E271F4 /* menu-22.png in Resources */,
				CA8ED91B1A058978009728AE /* LaunchScreen.xib in Resources */,
				35A59BCF1A14194D008BEC96 /* zoomOut.png in Resources */,
				3595439E1A2BB5C10008828E /* home_icon.png in Resources */,
				CA5328D71A22FD25000188F2 /* mail_ios7_ios_7.png in Resources */,
				35A59BCE1A14194D008BEC96 /* zoomIn.png in Resources */,
				CA4C605C1A2E6606003485A8 /* book92.png in Resources */,
				CA4C60631A2E674E003485A8 /* home32.png in Resources */,
				CA4C605D1A2E6606003485A8 /* home152.png in Resources */,
				CA8ED9181A058978009728AE /* Images.xcassets in Resources */,
				35C0E0EC1A0AF41100B32B68 /* ArcGIS.bundle in Resources */,
				CAEC985D1A0D798800E271F4 /* LoadingView.xib in Resources */,
				CA4C605F1A2E66A3003485A8 /* bookmarks-outline-128.png in Resources */,
				350DA94D1A1D528800B33723 /* default.gpx in Resources */,
			);
			runOnlyForDeploymentPostprocessing = 0;
		};
		CA8ED91E1A058978009728AE /* Resources */ = {
			isa = PBXResourcesBuildPhase;
			buildActionMask = 2147483647;
			files = (
			);
			runOnlyForDeploymentPostprocessing = 0;
		};
/* End PBXResourcesBuildPhase section */

/* Begin PBXSourcesBuildPhase section */
		CA8ED9031A058978009728AE /* Sources */ = {
			isa = PBXSourcesBuildPhase;
			buildActionMask = 2147483647;
			files = (
				3547C4CE1A1F89660023232F /* Reachability.m in Sources */,
				3547C4D11A1F8F5C0023232F /* resultsDrawer.m in Sources */,
				CA5328DC1A22FFFC000188F2 /* ShareViewController.m in Sources */,
				CA6E55D51A0C865A00D60677 /* TakeActionViewController.m in Sources */,
				3530B6D51A2974E30063F256 /* recordObjectConstructor.m in Sources */,
				35A2544D1A1BF4A200BFBCBC /* GCGeocodingService.m in Sources */,
				359543A91A2C0AEA0008828E /* solValPopover.m in Sources */,
				35C6F2681A22EB9B005265C2 /* FMDatabase.m in Sources */,
				CA8ED9751A073141009728AE /* ReportCustomizedViewController.m in Sources */,
				359543A41A2BD8BF0008828E /* settingsViewController.m in Sources */,
				35C6F2691A22EB9B005265C2 /* FMResultSet.m in Sources */,
				CA8ED9551A069426009728AE /* WelcomeViewController.m in Sources */,
				CA8ED96F1A06DCFC009728AE /* BookmarksTableViewController.m in Sources */,
				35C6F2631A22E87E005265C2 /* DBManager.m in Sources */,
				CA1E55A51A22AFCC009C0D88 /* DismissSegue.m in Sources */,
				CA8ED9591A069536009728AE /* CameraViewController.m in Sources */,
				CA8ED9721A0729BB009728AE /* ReportSaveFormViewController.m in Sources */,
				CA8ED9511A068D43009728AE /* ReportViewController.m in Sources */,
				CA8ED9131A058978009728AE /* MapViewController.m in Sources */,
				CA8ED9101A058978009728AE /* AppDelegate.m in Sources */,
				CA8ED95F1A06A514009728AE /* MenuTableViewController.m in Sources */,
				CA8ED90D1A058978009728AE /* main.m in Sources */,
			);
			runOnlyForDeploymentPostprocessing = 0;
		};
		CA8ED91C1A058978009728AE /* Sources */ = {
			isa = PBXSourcesBuildPhase;
			buildActionMask = 2147483647;
			files = (
				CA8ED9271A058978009728AE /* MN_Solar_AppTests.m in Sources */,
			);
			runOnlyForDeploymentPostprocessing = 0;
		};
/* End PBXSourcesBuildPhase section */

/* Begin PBXTargetDependency section */
		CA8ED9221A058978009728AE /* PBXTargetDependency */ = {
			isa = PBXTargetDependency;
			target = CA8ED9061A058978009728AE /* MN Solar App */;
			targetProxy = CA8ED9211A058978009728AE /* PBXContainerItemProxy */;
		};
/* End PBXTargetDependency section */

/* Begin PBXVariantGroup section */
		CA8ED9141A058978009728AE /* Main.storyboard */ = {
			isa = PBXVariantGroup;
			children = (
				CA8ED9151A058978009728AE /* Base */,
			);
			name = Main.storyboard;
			sourceTree = "<group>";
		};
		CA8ED9191A058978009728AE /* LaunchScreen.xib */ = {
			isa = PBXVariantGroup;
			children = (
				CA8ED91A1A058978009728AE /* Base */,
			);
			name = LaunchScreen.xib;
			sourceTree = "<group>";
		};
/* End PBXVariantGroup section */

/* Begin XCBuildConfiguration section */
		CA8ED9281A058978009728AE /* Debug */ = {
			isa = XCBuildConfiguration;
			buildSettings = {
				ALWAYS_SEARCH_USER_PATHS = NO;
				CLANG_CXX_LANGUAGE_STANDARD = "gnu++0x";
				CLANG_CXX_LIBRARY = "libc++";
				CLANG_ENABLE_MODULES = YES;
				CLANG_ENABLE_OBJC_ARC = YES;
				CLANG_WARN_BOOL_CONVERSION = YES;
				CLANG_WARN_CONSTANT_CONVERSION = YES;
				CLANG_WARN_DIRECT_OBJC_ISA_USAGE = YES_ERROR;
				CLANG_WARN_EMPTY_BODY = YES;
				CLANG_WARN_ENUM_CONVERSION = YES;
				CLANG_WARN_INT_CONVERSION = YES;
				CLANG_WARN_OBJC_ROOT_CLASS = YES_ERROR;
				CLANG_WARN_UNREACHABLE_CODE = YES;
				CLANG_WARN__DUPLICATE_METHOD_MATCH = YES;
				"CODE_SIGN_IDENTITY[sdk=iphoneos*]" = "iPhone Developer";
				COPY_PHASE_STRIP = NO;
				ENABLE_STRICT_OBJC_MSGSEND = YES;
				GCC_C_LANGUAGE_STANDARD = gnu99;
				GCC_DYNAMIC_NO_PIC = NO;
				GCC_OPTIMIZATION_LEVEL = 0;
				GCC_PREPROCESSOR_DEFINITIONS = (
					"DEBUG=1",
					"$(inherited)",
				);
				GCC_SYMBOLS_PRIVATE_EXTERN = NO;
				GCC_WARN_64_TO_32_BIT_CONVERSION = YES;
				GCC_WARN_ABOUT_RETURN_TYPE = YES_ERROR;
				GCC_WARN_UNDECLARED_SELECTOR = YES;
				GCC_WARN_UNINITIALIZED_AUTOS = YES_AGGRESSIVE;
				GCC_WARN_UNUSED_FUNCTION = YES;
				GCC_WARN_UNUSED_VARIABLE = YES;
				IPHONEOS_DEPLOYMENT_TARGET = 8.0;
				MTL_ENABLE_DEBUG_INFO = YES;
				ONLY_ACTIVE_ARCH = YES;
				SDKROOT = iphoneos;
				TARGETED_DEVICE_FAMILY = 2;
			};
			name = Debug;
		};
		CA8ED9291A058978009728AE /* Release */ = {
			isa = XCBuildConfiguration;
			buildSettings = {
				ALWAYS_SEARCH_USER_PATHS = NO;
				CLANG_CXX_LANGUAGE_STANDARD = "gnu++0x";
				CLANG_CXX_LIBRARY = "libc++";
				CLANG_ENABLE_MODULES = YES;
				CLANG_ENABLE_OBJC_ARC = YES;
				CLANG_WARN_BOOL_CONVERSION = YES;
				CLANG_WARN_CONSTANT_CONVERSION = YES;
				CLANG_WARN_DIRECT_OBJC_ISA_USAGE = YES_ERROR;
				CLANG_WARN_EMPTY_BODY = YES;
				CLANG_WARN_ENUM_CONVERSION = YES;
				CLANG_WARN_INT_CONVERSION = YES;
				CLANG_WARN_OBJC_ROOT_CLASS = YES_ERROR;
				CLANG_WARN_UNREACHABLE_CODE = YES;
				CLANG_WARN__DUPLICATE_METHOD_MATCH = YES;
				"CODE_SIGN_IDENTITY[sdk=iphoneos*]" = "iPhone Developer";
				COPY_PHASE_STRIP = YES;
				ENABLE_NS_ASSERTIONS = NO;
				ENABLE_STRICT_OBJC_MSGSEND = YES;
				GCC_C_LANGUAGE_STANDARD = gnu99;
				GCC_WARN_64_TO_32_BIT_CONVERSION = YES;
				GCC_WARN_ABOUT_RETURN_TYPE = YES_ERROR;
				GCC_WARN_UNDECLARED_SELECTOR = YES;
				GCC_WARN_UNINITIALIZED_AUTOS = YES_AGGRESSIVE;
				GCC_WARN_UNUSED_FUNCTION = YES;
				GCC_WARN_UNUSED_VARIABLE = YES;
				IPHONEOS_DEPLOYMENT_TARGET = 8.0;
				MTL_ENABLE_DEBUG_INFO = NO;
				SDKROOT = iphoneos;
				TARGETED_DEVICE_FAMILY = 2;
				VALIDATE_PRODUCT = YES;
			};
			name = Release;
		};
		CA8ED92B1A058978009728AE /* Debug */ = {
			isa = XCBuildConfiguration;
			buildSettings = {
				ASSETCATALOG_COMPILER_APPICON_NAME = AppIcon;
				FRAMEWORK_SEARCH_PATHS = "$(USER_LIBRARY_DIR)/SDKs/ArcGIS/iOS";
				INFOPLIST_FILE = "MN Solar App/Info.plist";
				LD_RUNPATH_SEARCH_PATHS = "$(inherited) @executable_path/Frameworks";
				OTHER_LDFLAGS = (
					"-ObjC",
					"-framework",
					ArcGIS,
					"-l",
					"c++",
				);
				PRODUCT_NAME = "$(TARGET_NAME)";
			};
			name = Debug;
		};
		CA8ED92C1A058978009728AE /* Release */ = {
			isa = XCBuildConfiguration;
			buildSettings = {
				ASSETCATALOG_COMPILER_APPICON_NAME = AppIcon;
				FRAMEWORK_SEARCH_PATHS = "$(USER_LIBRARY_DIR)/SDKs/ArcGIS/iOS";
				INFOPLIST_FILE = "MN Solar App/Info.plist";
				LD_RUNPATH_SEARCH_PATHS = "$(inherited) @executable_path/Frameworks";
				OTHER_LDFLAGS = (
					"-ObjC",
					"-framework",
					ArcGIS,
					"-l",
					"c++",
				);
				PRODUCT_NAME = "$(TARGET_NAME)";
			};
			name = Release;
		};
		CA8ED92E1A058978009728AE /* Debug */ = {
			isa = XCBuildConfiguration;
			buildSettings = {
				BUNDLE_LOADER = "$(TEST_HOST)";
				FRAMEWORK_SEARCH_PATHS = (
					"$(SDKROOT)/Developer/Library/Frameworks",
					"$(inherited)",
				);
				GCC_PREPROCESSOR_DEFINITIONS = (
					"DEBUG=1",
					"$(inherited)",
				);
				INFOPLIST_FILE = "MN Solar AppTests/Info.plist";
				LD_RUNPATH_SEARCH_PATHS = "$(inherited) @executable_path/Frameworks @loader_path/Frameworks";
				PRODUCT_NAME = "$(TARGET_NAME)";
				TEST_HOST = "$(BUILT_PRODUCTS_DIR)/MN Solar App.app/MN Solar App";
			};
			name = Debug;
		};
		CA8ED92F1A058978009728AE /* Release */ = {
			isa = XCBuildConfiguration;
			buildSettings = {
				BUNDLE_LOADER = "$(TEST_HOST)";
				FRAMEWORK_SEARCH_PATHS = (
					"$(SDKROOT)/Developer/Library/Frameworks",
					"$(inherited)",
				);
				INFOPLIST_FILE = "MN Solar AppTests/Info.plist";
				LD_RUNPATH_SEARCH_PATHS = "$(inherited) @executable_path/Frameworks @loader_path/Frameworks";
				PRODUCT_NAME = "$(TARGET_NAME)";
				TEST_HOST = "$(BUILT_PRODUCTS_DIR)/MN Solar App.app/MN Solar App";
			};
			name = Release;
		};
/* End XCBuildConfiguration section */

/* Begin XCConfigurationList section */
		CA8ED9021A058978009728AE /* Build configuration list for PBXProject "MN Solar App" */ = {
			isa = XCConfigurationList;
			buildConfigurations = (
				CA8ED9281A058978009728AE /* Debug */,
				CA8ED9291A058978009728AE /* Release */,
			);
			defaultConfigurationIsVisible = 0;
			defaultConfigurationName = Release;
		};
		CA8ED92A1A058978009728AE /* Build configuration list for PBXNativeTarget "MN Solar App" */ = {
			isa = XCConfigurationList;
			buildConfigurations = (
				CA8ED92B1A058978009728AE /* Debug */,
				CA8ED92C1A058978009728AE /* Release */,
			);
			defaultConfigurationIsVisible = 0;
			defaultConfigurationName = Release;
		};
		CA8ED92D1A058978009728AE /* Build configuration list for PBXNativeTarget "MN Solar AppTests" */ = {
			isa = XCConfigurationList;
			buildConfigurations = (
				CA8ED92E1A058978009728AE /* Debug */,
				CA8ED92F1A058978009728AE /* Release */,
			);
			defaultConfigurationIsVisible = 0;
			defaultConfigurationName = Release;
		};
/* End XCConfigurationList section */
	};
	rootObject = CA8ED8FF1A058978009728AE /* Project object */;
}
